
Microsoft Visual Studio Solution File, Format Version 12.00
# Visual Studio Version 16
VisualStudioVersion = 16.0.31729.503
MinimumVisualStudioVersion = 10.0.40219.1
Project("{FAE04EC0-301F-11D3-BF4B-00C04F79EFBC}") = "ExCoreServiceOrder", "ExCoreServiceOrder\ExCoreServiceOrder.csproj", "{A044C1E5-B5E5-42F0-9B5C-B4A30DC44FFB}"
EndProject
Project("{FAE04EC0-301F-11D3-BF4B-00C04F79EFBC}") = "ExCoreServiceProductMaster", "ExCoreServiceProductMaster\ExCoreServiceProductMaster.csproj", "{6B37E437-ED5D-4760-A0C2-A760F2E3E8E6}"
EndProject
Project("{FAE04EC0-301F-11D3-BF4B-00C04F79EFBC}") = "ExCoreServiceOrderBOM", "ExCoreServiceOrderBOM\ExCoreServiceOrderBOM.csproj", "{715D8518-15A9-4976-9C81-4B2B46D34D23}"
EndProject
Project("{FAE04EC0-301F-11D3-BF4B-00C04F79EFBC}") = "ExCoreServiceRework", "ExCoreServiceRework\ExCoreServiceRework.csproj", "{CCA5CEF9-B8DC-43E7-85A2-6E74A31E745C}"
EndProject
Global
	GlobalSection(SolutionConfigurationPlatforms) = preSolution
		Debug|Any CPU = Debug|Any CPU
		Release|Any CPU = Release|Any CPU
	EndGlobalSection
	GlobalSection(ProjectConfigurationPlatforms) = postSolution
		{A044C1E5-B5E5-42F0-9B5C-B4A30DC44FFB}.Debug|Any CPU.ActiveCfg = Debug|Any CPU
		{A044C1E5-B5E5-42F0-9B5C-B4A30DC44FFB}.Debug|Any CPU.Build.0 = Debug|Any CPU
		{A044C1E5-B5E5-42F0-9B5C-B4A30DC44FFB}.Release|Any CPU.ActiveCfg = Release|Any CPU
		{A044C1E5-B5E5-42F0-9B5C-B4A30DC44FFB}.Release|Any CPU.Build.0 = Release|Any CPU
		{6B37E437-ED5D-4760-A0C2-A760F2E3E8E6}.Debug|Any CPU.ActiveCfg = Debug|Any CPU
		{6B37E437-ED5D-4760-A0C2-A760F2E3E8E6}.Debug|Any CPU.Build.0 = Debug|Any CPU
		{6B37E437-ED5D-4760-A0C2-A760F2E3E8E6}.Release|Any CPU.ActiveCfg = Release|Any CPU
		{6B37E437-ED5D-4760-A0C2-A760F2E3E8E6}.Release|Any CPU.Build.0 = Release|Any CPU
		{715D8518-15A9-4976-9C81-4B2B46D34D23}.Debug|Any CPU.ActiveCfg = Debug|Any CPU
		{715D8518-15A9-4976-9C81-4B2B46D34D23}.Debug|Any CPU.Build.0 = Debug|Any CPU
		{715D8518-15A9-4976-9C81-4B2B46D34D23}.Release|Any CPU.ActiveCfg = Release|Any CPU
		{715D8518-15A9-4976-9C81-4B2B46D34D23}.Release|Any CPU.Build.0 = Release|Any CPU
		{CCA5CEF9-B8DC-43E7-85A2-6E74A31E745C}.Debug|Any CPU.ActiveCfg = Debug|Any CPU
		{CCA5CEF9-B8DC-43E7-85A2-6E74A31E745C}.Debug|Any CPU.Build.0 = Debug|Any CPU
		{CCA5CEF9-B8DC-43E7-85A2-6E74A31E745C}.Release|Any CPU.ActiveCfg = Release|Any CPU
		{CCA5CEF9-B8DC-43E7-85A2-6E74A31E745C}.Release|Any CPU.Build.0 = Release|Any CPU
	EndGlobalSection
	GlobalSection(SolutionProperties) = preSolution
		HideSolutionNode = FALSE
	EndGlobalSection
	GlobalSection(ExtensibilityGlobals) = postSolution
		SolutionGuid = {63CECB89-D0C1-40FC-9F12-1097D762CFCA}
	EndGlobalSection
EndGlobal
